// !$*UTF8*$!
{
	archiveVersion = 1;
	classes = {
	};
	objectVersion = 52;
	objects = {

/* Begin PBXBuildFile section */
		628537BC26E15E1000C82896 /* RemoteGetDetailsEventTests.swift in Sources */ = {isa = PBXBuildFile; fileRef = 628537BB26E15E1000C82896 /* RemoteGetDetailsEventTests.swift */; };
		628537C026E161C700C82896 /* HttpGetClientSpy.swift in Sources */ = {isa = PBXBuildFile; fileRef = 628537BF26E161C700C82896 /* HttpGetClientSpy.swift */; };
		628537C326E1625000C82896 /* EventFactory.swift in Sources */ = {isa = PBXBuildFile; fileRef = 628537C226E1625000C82896 /* EventFactory.swift */; };
		628537C526E1629B00C82896 /* XCTestCase+MemoryLeak.swift in Sources */ = {isa = PBXBuildFile; fileRef = 628537C426E1629B00C82896 /* XCTestCase+MemoryLeak.swift */; };
		628537C726E1652B00C82896 /* FactoriesTest.swift in Sources */ = {isa = PBXBuildFile; fileRef = 628537C626E1652B00C82896 /* FactoriesTest.swift */; };
		62933AAC26E26B120096EBCB /* RemoteGetDetailsEvent.swift in Sources */ = {isa = PBXBuildFile; fileRef = 62933AAB26E26B120096EBCB /* RemoteGetDetailsEvent.swift */; };
		62933AAE26E28CA00096EBCB /* RemoteCreateCheckInTests.swift in Sources */ = {isa = PBXBuildFile; fileRef = 62933AAD26E28CA00096EBCB /* RemoteCreateCheckInTests.swift */; };
		62933AB026E297740096EBCB /* CreateCheckInFactory.swift in Sources */ = {isa = PBXBuildFile; fileRef = 62933AAF26E297740096EBCB /* CreateCheckInFactory.swift */; };
		62933AB226E2990A0096EBCB /* HttpStatusResponse.swift in Sources */ = {isa = PBXBuildFile; fileRef = 62933AB126E2990A0096EBCB /* HttpStatusResponse.swift */; };
		62933AB426E299350096EBCB /* HttpPostClient.swift in Sources */ = {isa = PBXBuildFile; fileRef = 62933AB326E299350096EBCB /* HttpPostClient.swift */; };
		62933AB626E2996B0096EBCB /* RemoteCreateCheckIn.swift in Sources */ = {isa = PBXBuildFile; fileRef = 62933AB526E2996B0096EBCB /* RemoteCreateCheckIn.swift */; };
		62933ADF26E402100096EBCB /* Array+Encoder.swift in Sources */ = {isa = PBXBuildFile; fileRef = 62933ADE26E402100096EBCB /* Array+Encoder.swift */; };
		62A2A78C26DFC591000D45E8 /* GetListEvents.swift in Sources */ = {isa = PBXBuildFile; fileRef = 62A2A78B26DFC591000D45E8 /* GetListEvents.swift */; };
		62A2A78E26DFEBA6000D45E8 /* EventModel.swift in Sources */ = {isa = PBXBuildFile; fileRef = 62A2A78D26DFEBA6000D45E8 /* EventModel.swift */; };
		62A2A79126DFEC65000D45E8 /* PeopleModel.swift in Sources */ = {isa = PBXBuildFile; fileRef = 62A2A79026DFEC65000D45E8 /* PeopleModel.swift */; };
		62A2A79326DFEE29000D45E8 /* GetDetailsEvent.swift in Sources */ = {isa = PBXBuildFile; fileRef = 62A2A79226DFEE29000D45E8 /* GetDetailsEvent.swift */; };
		62A2A79626DFF07E000D45E8 /* CreateCheckIn.swift in Sources */ = {isa = PBXBuildFile; fileRef = 62A2A79526DFF07E000D45E8 /* CreateCheckIn.swift */; };
		62A2A7A526DFF488000D45E8 /* Data.framework in Frameworks */ = {isa = PBXBuildFile; fileRef = 62A2A79C26DFF488000D45E8 /* Data.framework */; };
		62A2A7AA26DFF488000D45E8 /* RemoteGetListEventsTests.swift in Sources */ = {isa = PBXBuildFile; fileRef = 62A2A7A926DFF488000D45E8 /* RemoteGetListEventsTests.swift */; };
		62A2A7B426DFF4A6000D45E8 /* Domain.framework in Frameworks */ = {isa = PBXBuildFile; fileRef = 62A2A78326DFB4BD000D45E8 /* Domain.framework */; };
		62A2A7B526DFF4A6000D45E8 /* Domain.framework in Embed Frameworks */ = {isa = PBXBuildFile; fileRef = 62A2A78326DFB4BD000D45E8 /* Domain.framework */; settings = {ATTRIBUTES = (CodeSignOnCopy, RemoveHeadersOnCopy, ); }; };
		62A2A7BB26E00E88000D45E8 /* DomainError.swift in Sources */ = {isa = PBXBuildFile; fileRef = 62A2A7BA26E00E88000D45E8 /* DomainError.swift */; };
		62A2A7BD26E010EE000D45E8 /* HttpError.swift in Sources */ = {isa = PBXBuildFile; fileRef = 62A2A7BC26E010EE000D45E8 /* HttpError.swift */; };
		62A2A7C126E03E74000D45E8 /* HttpGetClient.swift in Sources */ = {isa = PBXBuildFile; fileRef = 62A2A7C026E03E74000D45E8 /* HttpGetClient.swift */; };
		62A2A7C426E03F56000D45E8 /* RemoteGetListEvents.swift in Sources */ = {isa = PBXBuildFile; fileRef = 62A2A7C326E03F56000D45E8 /* RemoteGetListEvents.swift */; };
		62A2A7C626E04A01000D45E8 /* Model.swift in Sources */ = {isa = PBXBuildFile; fileRef = 62A2A7C526E04A01000D45E8 /* Model.swift */; };
		62A2A7C926E04F68000D45E8 /* ExtensionHelpers.swift in Sources */ = {isa = PBXBuildFile; fileRef = 62A2A7C826E04F68000D45E8 /* ExtensionHelpers.swift */; };
		62C8B9B526E557EA00E447BF /* Infra_.framework in Frameworks */ = {isa = PBXBuildFile; fileRef = 62C8B9AC26E557EA00E447BF /* Infra_.framework */; };
		62C8B9BA26E557EA00E447BF /* AlamofireAdapterGet.swift in Sources */ = {isa = PBXBuildFile; fileRef = 62C8B9B926E557EA00E447BF /* AlamofireAdapterGet.swift */; };
		62C8B9C526E5596100E447BF /* Alamofire in Frameworks */ = {isa = PBXBuildFile; productRef = 62C8B9C426E5596100E447BF /* Alamofire */; };
/* End PBXBuildFile section */

/* Begin PBXContainerItemProxy section */
		62A2A7A626DFF488000D45E8 /* PBXContainerItemProxy */ = {
			isa = PBXContainerItemProxy;
			containerPortal = 62A2A76A26DFB197000D45E8 /* Project object */;
			proxyType = 1;
			remoteGlobalIDString = 62A2A79B26DFF488000D45E8;
			remoteInfo = Data;
		};
		62A2A7B626DFF4A6000D45E8 /* PBXContainerItemProxy */ = {
			isa = PBXContainerItemProxy;
			containerPortal = 62A2A76A26DFB197000D45E8 /* Project object */;
			proxyType = 1;
			remoteGlobalIDString = 62A2A78226DFB4BD000D45E8;
			remoteInfo = Domain;
		};
		62C8B9B626E557EA00E447BF /* PBXContainerItemProxy */ = {
			isa = PBXContainerItemProxy;
			containerPortal = 62A2A76A26DFB197000D45E8 /* Project object */;
			proxyType = 1;
			remoteGlobalIDString = 62C8B9AB26E557EA00E447BF;
			remoteInfo = Infra_;
		};
/* End PBXContainerItemProxy section */

/* Begin PBXCopyFilesBuildPhase section */
		62A2A7B826DFF4A6000D45E8 /* Embed Frameworks */ = {
			isa = PBXCopyFilesBuildPhase;
			buildActionMask = 2147483647;
			dstPath = "";
			dstSubfolderSpec = 10;
			files = (
				62A2A7B526DFF4A6000D45E8 /* Domain.framework in Embed Frameworks */,
			);
			name = "Embed Frameworks";
			runOnlyForDeploymentPostprocessing = 0;
		};
/* End PBXCopyFilesBuildPhase section */

/* Begin PBXFileReference section */
		628537BB26E15E1000C82896 /* RemoteGetDetailsEventTests.swift */ = {isa = PBXFileReference; lastKnownFileType = sourcecode.swift; path = RemoteGetDetailsEventTests.swift; sourceTree = "<group>"; };
		628537BF26E161C700C82896 /* HttpGetClientSpy.swift */ = {isa = PBXFileReference; lastKnownFileType = sourcecode.swift; path = HttpGetClientSpy.swift; sourceTree = "<group>"; };
		628537C226E1625000C82896 /* EventFactory.swift */ = {isa = PBXFileReference; lastKnownFileType = sourcecode.swift; path = EventFactory.swift; sourceTree = "<group>"; };
		628537C426E1629B00C82896 /* XCTestCase+MemoryLeak.swift */ = {isa = PBXFileReference; lastKnownFileType = sourcecode.swift; path = "XCTestCase+MemoryLeak.swift"; sourceTree = "<group>"; };
		628537C626E1652B00C82896 /* FactoriesTest.swift */ = {isa = PBXFileReference; lastKnownFileType = sourcecode.swift; path = FactoriesTest.swift; sourceTree = "<group>"; };
		62933AAB26E26B120096EBCB /* RemoteGetDetailsEvent.swift */ = {isa = PBXFileReference; lastKnownFileType = sourcecode.swift; path = RemoteGetDetailsEvent.swift; sourceTree = "<group>"; };
		62933AAD26E28CA00096EBCB /* RemoteCreateCheckInTests.swift */ = {isa = PBXFileReference; lastKnownFileType = sourcecode.swift; path = RemoteCreateCheckInTests.swift; sourceTree = "<group>"; };
		62933AAF26E297740096EBCB /* CreateCheckInFactory.swift */ = {isa = PBXFileReference; lastKnownFileType = sourcecode.swift; path = CreateCheckInFactory.swift; sourceTree = "<group>"; };
		62933AB126E2990A0096EBCB /* HttpStatusResponse.swift */ = {isa = PBXFileReference; lastKnownFileType = sourcecode.swift; path = HttpStatusResponse.swift; sourceTree = "<group>"; };
		62933AB326E299350096EBCB /* HttpPostClient.swift */ = {isa = PBXFileReference; lastKnownFileType = sourcecode.swift; path = HttpPostClient.swift; sourceTree = "<group>"; };
		62933AB526E2996B0096EBCB /* RemoteCreateCheckIn.swift */ = {isa = PBXFileReference; lastKnownFileType = sourcecode.swift; path = RemoteCreateCheckIn.swift; sourceTree = "<group>"; };
		62933ADE26E402100096EBCB /* Array+Encoder.swift */ = {isa = PBXFileReference; lastKnownFileType = sourcecode.swift; path = "Array+Encoder.swift"; sourceTree = "<group>"; };
		62A2A78326DFB4BD000D45E8 /* Domain.framework */ = {isa = PBXFileReference; explicitFileType = wrapper.framework; includeInIndex = 0; path = Domain.framework; sourceTree = BUILT_PRODUCTS_DIR; };
		62A2A78626DFB4BD000D45E8 /* Info.plist */ = {isa = PBXFileReference; lastKnownFileType = text.plist.xml; path = Info.plist; sourceTree = "<group>"; };
		62A2A78B26DFC591000D45E8 /* GetListEvents.swift */ = {isa = PBXFileReference; lastKnownFileType = sourcecode.swift; path = GetListEvents.swift; sourceTree = "<group>"; };
		62A2A78D26DFEBA6000D45E8 /* EventModel.swift */ = {isa = PBXFileReference; lastKnownFileType = sourcecode.swift; path = EventModel.swift; sourceTree = "<group>"; };
		62A2A79026DFEC65000D45E8 /* PeopleModel.swift */ = {isa = PBXFileReference; lastKnownFileType = sourcecode.swift; path = PeopleModel.swift; sourceTree = "<group>"; };
		62A2A79226DFEE29000D45E8 /* GetDetailsEvent.swift */ = {isa = PBXFileReference; lastKnownFileType = sourcecode.swift; path = GetDetailsEvent.swift; sourceTree = "<group>"; };
		62A2A79526DFF07E000D45E8 /* CreateCheckIn.swift */ = {isa = PBXFileReference; lastKnownFileType = sourcecode.swift; path = CreateCheckIn.swift; sourceTree = "<group>"; };
		62A2A79C26DFF488000D45E8 /* Data.framework */ = {isa = PBXFileReference; explicitFileType = wrapper.framework; includeInIndex = 0; path = Data.framework; sourceTree = BUILT_PRODUCTS_DIR; };
		62A2A79F26DFF488000D45E8 /* Info.plist */ = {isa = PBXFileReference; lastKnownFileType = text.plist.xml; path = Info.plist; sourceTree = "<group>"; };
		62A2A7A426DFF488000D45E8 /* DataTests.xctest */ = {isa = PBXFileReference; explicitFileType = wrapper.cfbundle; includeInIndex = 0; path = DataTests.xctest; sourceTree = BUILT_PRODUCTS_DIR; };
		62A2A7A926DFF488000D45E8 /* RemoteGetListEventsTests.swift */ = {isa = PBXFileReference; lastKnownFileType = sourcecode.swift; path = RemoteGetListEventsTests.swift; sourceTree = "<group>"; };
		62A2A7AB26DFF488000D45E8 /* Info.plist */ = {isa = PBXFileReference; lastKnownFileType = text.plist.xml; path = Info.plist; sourceTree = "<group>"; };
		62A2A7BA26E00E88000D45E8 /* DomainError.swift */ = {isa = PBXFileReference; lastKnownFileType = sourcecode.swift; path = DomainError.swift; sourceTree = "<group>"; };
		62A2A7BC26E010EE000D45E8 /* HttpError.swift */ = {isa = PBXFileReference; lastKnownFileType = sourcecode.swift; path = HttpError.swift; sourceTree = "<group>"; };
		62A2A7C026E03E74000D45E8 /* HttpGetClient.swift */ = {isa = PBXFileReference; lastKnownFileType = sourcecode.swift; path = HttpGetClient.swift; sourceTree = "<group>"; };
		62A2A7C326E03F56000D45E8 /* RemoteGetListEvents.swift */ = {isa = PBXFileReference; lastKnownFileType = sourcecode.swift; path = RemoteGetListEvents.swift; sourceTree = "<group>"; };
		62A2A7C526E04A01000D45E8 /* Model.swift */ = {isa = PBXFileReference; lastKnownFileType = sourcecode.swift; path = Model.swift; sourceTree = "<group>"; };
		62A2A7C826E04F68000D45E8 /* ExtensionHelpers.swift */ = {isa = PBXFileReference; lastKnownFileType = sourcecode.swift; path = ExtensionHelpers.swift; sourceTree = "<group>"; };
		62C8B9AC26E557EA00E447BF /* Infra_.framework */ = {isa = PBXFileReference; explicitFileType = wrapper.framework; includeInIndex = 0; path = Infra_.framework; sourceTree = BUILT_PRODUCTS_DIR; };
		62C8B9AF26E557EA00E447BF /* Info.plist */ = {isa = PBXFileReference; lastKnownFileType = text.plist.xml; path = Info.plist; sourceTree = "<group>"; };
		62C8B9B426E557EA00E447BF /* Infra_Tests.xctest */ = {isa = PBXFileReference; explicitFileType = wrapper.cfbundle; includeInIndex = 0; path = Infra_Tests.xctest; sourceTree = BUILT_PRODUCTS_DIR; };
		62C8B9B926E557EA00E447BF /* AlamofireAdapterGet.swift */ = {isa = PBXFileReference; lastKnownFileType = sourcecode.swift; path = AlamofireAdapterGet.swift; sourceTree = "<group>"; };
		62C8B9BB26E557EA00E447BF /* Info.plist */ = {isa = PBXFileReference; lastKnownFileType = text.plist.xml; path = Info.plist; sourceTree = "<group>"; };
/* End PBXFileReference section */

/* Begin PBXFrameworksBuildPhase section */
		62A2A78026DFB4BD000D45E8 /* Frameworks */ = {
			isa = PBXFrameworksBuildPhase;
			buildActionMask = 2147483647;
			files = (
			);
			runOnlyForDeploymentPostprocessing = 0;
		};
		62A2A79926DFF488000D45E8 /* Frameworks */ = {
			isa = PBXFrameworksBuildPhase;
			buildActionMask = 2147483647;
			files = (
				62A2A7B426DFF4A6000D45E8 /* Domain.framework in Frameworks */,
			);
			runOnlyForDeploymentPostprocessing = 0;
		};
		62A2A7A126DFF488000D45E8 /* Frameworks */ = {
			isa = PBXFrameworksBuildPhase;
			buildActionMask = 2147483647;
			files = (
				62A2A7A526DFF488000D45E8 /* Data.framework in Frameworks */,
			);
			runOnlyForDeploymentPostprocessing = 0;
		};
		62C8B9A926E557EA00E447BF /* Frameworks */ = {
			isa = PBXFrameworksBuildPhase;
			buildActionMask = 2147483647;
			files = (
				62C8B9C526E5596100E447BF /* Alamofire in Frameworks */,
			);
			runOnlyForDeploymentPostprocessing = 0;
		};
		62C8B9B126E557EA00E447BF /* Frameworks */ = {
			isa = PBXFrameworksBuildPhase;
			buildActionMask = 2147483647;
			files = (
				62C8B9B526E557EA00E447BF /* Infra_.framework in Frameworks */,
			);
			runOnlyForDeploymentPostprocessing = 0;
		};
/* End PBXFrameworksBuildPhase section */

/* Begin PBXGroup section */
		628537BD26E1617700C82896 /* Http */ = {
			isa = PBXGroup;
			children = (
				628537BF26E161C700C82896 /* HttpGetClientSpy.swift */,
			);
			path = Http;
			sourceTree = "<group>";
		};
		628537BE26E1618500C82896 /* UseCases */ = {
			isa = PBXGroup;
			children = (
				62A2A7A926DFF488000D45E8 /* RemoteGetListEventsTests.swift */,
				628537BB26E15E1000C82896 /* RemoteGetDetailsEventTests.swift */,
				62933AAD26E28CA00096EBCB /* RemoteCreateCheckInTests.swift */,
			);
			path = UseCases;
			sourceTree = "<group>";
		};
		628537C126E1623100C82896 /* Helpers */ = {
			isa = PBXGroup;
			children = (
				628537C226E1625000C82896 /* EventFactory.swift */,
				628537C426E1629B00C82896 /* XCTestCase+MemoryLeak.swift */,
				628537C626E1652B00C82896 /* FactoriesTest.swift */,
				62933AAF26E297740096EBCB /* CreateCheckInFactory.swift */,
				62933ADE26E402100096EBCB /* Array+Encoder.swift */,
			);
			path = Helpers;
			sourceTree = "<group>";
		};
		62A2A76926DFB197000D45E8 = {
			isa = PBXGroup;
			children = (
				62A2A78426DFB4BD000D45E8 /* Domain */,
				62A2A79D26DFF488000D45E8 /* Data */,
				62A2A7A826DFF488000D45E8 /* DataTests */,
				62C8B9AD26E557EA00E447BF /* Infra_ */,
				62C8B9B826E557EA00E447BF /* Infra_Tests */,
				62A2A77426DFB197000D45E8 /* Products */,
				62A2A7B326DFF4A6000D45E8 /* Frameworks */,
			);
			sourceTree = "<group>";
		};
		62A2A77426DFB197000D45E8 /* Products */ = {
			isa = PBXGroup;
			children = (
				62A2A78326DFB4BD000D45E8 /* Domain.framework */,
				62A2A79C26DFF488000D45E8 /* Data.framework */,
				62A2A7A426DFF488000D45E8 /* DataTests.xctest */,
				62C8B9AC26E557EA00E447BF /* Infra_.framework */,
				62C8B9B426E557EA00E447BF /* Infra_Tests.xctest */,
			);
			name = Products;
			sourceTree = "<group>";
		};
		62A2A78426DFB4BD000D45E8 /* Domain */ = {
			isa = PBXGroup;
			children = (
				62A2A79426DFEE34000D45E8 /* UseCases */,
				62A2A78F26DFEC17000D45E8 /* Models */,
				62A2A7B926E00E72000D45E8 /* Errors */,
				62A2A78626DFB4BD000D45E8 /* Info.plist */,
			);
			path = Domain;
			sourceTree = "<group>";
		};
		62A2A78F26DFEC17000D45E8 /* Models */ = {
			isa = PBXGroup;
			children = (
				62A2A78D26DFEBA6000D45E8 /* EventModel.swift */,
				62A2A79026DFEC65000D45E8 /* PeopleModel.swift */,
				62A2A7C526E04A01000D45E8 /* Model.swift */,
			);
			path = Models;
			sourceTree = "<group>";
		};
		62A2A79426DFEE34000D45E8 /* UseCases */ = {
			isa = PBXGroup;
			children = (
				62A2A79226DFEE29000D45E8 /* GetDetailsEvent.swift */,
				62A2A78B26DFC591000D45E8 /* GetListEvents.swift */,
				62A2A79526DFF07E000D45E8 /* CreateCheckIn.swift */,
			);
			path = UseCases;
			sourceTree = "<group>";
		};
		62A2A79D26DFF488000D45E8 /* Data */ = {
			isa = PBXGroup;
			children = (
				62A2A7C726E04F42000D45E8 /* Helpers */,
				62A2A7BF26E03E50000D45E8 /* Http */,
				62A2A7BE26E03E42000D45E8 /* UseCases */,
				62A2A79F26DFF488000D45E8 /* Info.plist */,
			);
			path = Data;
			sourceTree = "<group>";
		};
		62A2A7A826DFF488000D45E8 /* DataTests */ = {
			isa = PBXGroup;
			children = (
				628537C126E1623100C82896 /* Helpers */,
				628537BD26E1617700C82896 /* Http */,
				628537BE26E1618500C82896 /* UseCases */,
				62A2A7AB26DFF488000D45E8 /* Info.plist */,
			);
			path = DataTests;
			sourceTree = "<group>";
		};
		62A2A7B326DFF4A6000D45E8 /* Frameworks */ = {
			isa = PBXGroup;
			children = (
			);
			name = Frameworks;
			sourceTree = "<group>";
		};
		62A2A7B926E00E72000D45E8 /* Errors */ = {
			isa = PBXGroup;
			children = (
				62A2A7BA26E00E88000D45E8 /* DomainError.swift */,
			);
			path = Errors;
			sourceTree = "<group>";
		};
		62A2A7BE26E03E42000D45E8 /* UseCases */ = {
			isa = PBXGroup;
			children = (
				62A2A7C326E03F56000D45E8 /* RemoteGetListEvents.swift */,
				62933AAB26E26B120096EBCB /* RemoteGetDetailsEvent.swift */,
				62933AB526E2996B0096EBCB /* RemoteCreateCheckIn.swift */,
			);
			path = UseCases;
			sourceTree = "<group>";
		};
		62A2A7BF26E03E50000D45E8 /* Http */ = {
			isa = PBXGroup;
			children = (
				62A2A7BC26E010EE000D45E8 /* HttpError.swift */,
				62A2A7C026E03E74000D45E8 /* HttpGetClient.swift */,
				62933AB126E2990A0096EBCB /* HttpStatusResponse.swift */,
				62933AB326E299350096EBCB /* HttpPostClient.swift */,
			);
			path = Http;
			sourceTree = "<group>";
		};
		62A2A7C726E04F42000D45E8 /* Helpers */ = {
			isa = PBXGroup;
			children = (
				62A2A7C826E04F68000D45E8 /* ExtensionHelpers.swift */,
			);
			path = Helpers;
			sourceTree = "<group>";
		};
		62C8B9AD26E557EA00E447BF /* Infra_ */ = {
			isa = PBXGroup;
			children = (
				62C8B9AF26E557EA00E447BF /* Info.plist */,
			);
			path = Infra_;
			sourceTree = "<group>";
		};
		62C8B9B826E557EA00E447BF /* Infra_Tests */ = {
			isa = PBXGroup;
			children = (
				62C8B9B926E557EA00E447BF /* AlamofireAdapterGet.swift */,
				62C8B9BB26E557EA00E447BF /* Info.plist */,
			);
			path = Infra_Tests;
			sourceTree = "<group>";
		};
/* End PBXGroup section */

/* Begin PBXHeadersBuildPhase section */
		62A2A77E26DFB4BD000D45E8 /* Headers */ = {
			isa = PBXHeadersBuildPhase;
			buildActionMask = 2147483647;
			files = (
			);
			runOnlyForDeploymentPostprocessing = 0;
		};
		62A2A79726DFF488000D45E8 /* Headers */ = {
			isa = PBXHeadersBuildPhase;
			buildActionMask = 2147483647;
			files = (
			);
			runOnlyForDeploymentPostprocessing = 0;
		};
		62C8B9A726E557EA00E447BF /* Headers */ = {
			isa = PBXHeadersBuildPhase;
			buildActionMask = 2147483647;
			files = (
			);
			runOnlyForDeploymentPostprocessing = 0;
		};
/* End PBXHeadersBuildPhase section */

/* Begin PBXNativeTarget section */
		62A2A78226DFB4BD000D45E8 /* Domain */ = {
			isa = PBXNativeTarget;
			buildConfigurationList = 62A2A78A26DFB4BD000D45E8 /* Build configuration list for PBXNativeTarget "Domain" */;
			buildPhases = (
				62A2A77E26DFB4BD000D45E8 /* Headers */,
				62A2A77F26DFB4BD000D45E8 /* Sources */,
				62A2A78026DFB4BD000D45E8 /* Frameworks */,
				62A2A78126DFB4BD000D45E8 /* Resources */,
			);
			buildRules = (
			);
			dependencies = (
			);
			name = Domain;
			productName = Domain;
			productReference = 62A2A78326DFB4BD000D45E8 /* Domain.framework */;
			productType = "com.apple.product-type.framework";
		};
		62A2A79B26DFF488000D45E8 /* Data */ = {
			isa = PBXNativeTarget;
			buildConfigurationList = 62A2A7B126DFF488000D45E8 /* Build configuration list for PBXNativeTarget "Data" */;
			buildPhases = (
				62A2A79726DFF488000D45E8 /* Headers */,
				62A2A79826DFF488000D45E8 /* Sources */,
				62A2A79926DFF488000D45E8 /* Frameworks */,
				62A2A79A26DFF488000D45E8 /* Resources */,
				62A2A7B826DFF4A6000D45E8 /* Embed Frameworks */,
			);
			buildRules = (
			);
			dependencies = (
				62A2A7B726DFF4A6000D45E8 /* PBXTargetDependency */,
			);
			name = Data;
			productName = Data;
			productReference = 62A2A79C26DFF488000D45E8 /* Data.framework */;
			productType = "com.apple.product-type.framework";
		};
		62A2A7A326DFF488000D45E8 /* DataTests */ = {
			isa = PBXNativeTarget;
			buildConfigurationList = 62A2A7B226DFF488000D45E8 /* Build configuration list for PBXNativeTarget "DataTests" */;
			buildPhases = (
				62A2A7A026DFF488000D45E8 /* Sources */,
				62A2A7A126DFF488000D45E8 /* Frameworks */,
				62A2A7A226DFF488000D45E8 /* Resources */,
			);
			buildRules = (
			);
			dependencies = (
				62A2A7A726DFF488000D45E8 /* PBXTargetDependency */,
			);
			name = DataTests;
			productName = DataTests;
			productReference = 62A2A7A426DFF488000D45E8 /* DataTests.xctest */;
			productType = "com.apple.product-type.bundle.unit-test";
		};
		62C8B9AB26E557EA00E447BF /* Infra_ */ = {
			isa = PBXNativeTarget;
			buildConfigurationList = 62C8B9BD26E557EA00E447BF /* Build configuration list for PBXNativeTarget "Infra_" */;
			buildPhases = (
				62C8B9A726E557EA00E447BF /* Headers */,
				62C8B9A826E557EA00E447BF /* Sources */,
				62C8B9A926E557EA00E447BF /* Frameworks */,
				62C8B9AA26E557EA00E447BF /* Resources */,
			);
			buildRules = (
			);
			dependencies = (
			);
			name = Infra_;
			packageProductDependencies = (
				62C8B9C426E5596100E447BF /* Alamofire */,
			);
			productName = Infra_;
			productReference = 62C8B9AC26E557EA00E447BF /* Infra_.framework */;
			productType = "com.apple.product-type.framework";
		};
		62C8B9B326E557EA00E447BF /* Infra_Tests */ = {
			isa = PBXNativeTarget;
			buildConfigurationList = 62C8B9C026E557EA00E447BF /* Build configuration list for PBXNativeTarget "Infra_Tests" */;
			buildPhases = (
				62C8B9B026E557EA00E447BF /* Sources */,
				62C8B9B126E557EA00E447BF /* Frameworks */,
				62C8B9B226E557EA00E447BF /* Resources */,
			);
			buildRules = (
			);
			dependencies = (
				62C8B9B726E557EA00E447BF /* PBXTargetDependency */,
			);
			name = Infra_Tests;
			productName = Infra_Tests;
			productReference = 62C8B9B426E557EA00E447BF /* Infra_Tests.xctest */;
			productType = "com.apple.product-type.bundle.unit-test";
		};
/* End PBXNativeTarget section */

/* Begin PBXProject section */
		62A2A76A26DFB197000D45E8 /* Project object */ = {
			isa = PBXProject;
			attributes = {
				LastSwiftUpdateCheck = 1250;
				LastUpgradeCheck = 1250;
				TargetAttributes = {
					62A2A78226DFB4BD000D45E8 = {
						CreatedOnToolsVersion = 12.5.1;
						LastSwiftMigration = 1250;
					};
					62A2A79B26DFF488000D45E8 = {
						CreatedOnToolsVersion = 12.5.1;
						LastSwiftMigration = 1250;
					};
					62A2A7A326DFF488000D45E8 = {
						CreatedOnToolsVersion = 12.5.1;
					};
					62C8B9AB26E557EA00E447BF = {
						CreatedOnToolsVersion = 12.5.1;
					};
					62C8B9B326E557EA00E447BF = {
						CreatedOnToolsVersion = 12.5.1;
					};
				};
			};
			buildConfigurationList = 62A2A76D26DFB197000D45E8 /* Build configuration list for PBXProject "SicrediChallenge" */;
			compatibilityVersion = "Xcode 9.3";
			developmentRegion = en;
			hasScannedForEncodings = 0;
			knownRegions = (
				en,
				Base,
			);
			mainGroup = 62A2A76926DFB197000D45E8;
			packageReferences = (
				62C8B9C326E5596100E447BF /* XCRemoteSwiftPackageReference "Alamofire" */,
			);
			productRefGroup = 62A2A77426DFB197000D45E8 /* Products */;
			projectDirPath = "";
			projectRoot = "";
			targets = (
				62A2A78226DFB4BD000D45E8 /* Domain */,
				62A2A79B26DFF488000D45E8 /* Data */,
				62A2A7A326DFF488000D45E8 /* DataTests */,
				62C8B9AB26E557EA00E447BF /* Infra_ */,
				62C8B9B326E557EA00E447BF /* Infra_Tests */,
			);
		};
/* End PBXProject section */

/* Begin PBXResourcesBuildPhase section */
		62A2A78126DFB4BD000D45E8 /* Resources */ = {
			isa = PBXResourcesBuildPhase;
			buildActionMask = 2147483647;
			files = (
			);
			runOnlyForDeploymentPostprocessing = 0;
		};
		62A2A79A26DFF488000D45E8 /* Resources */ = {
			isa = PBXResourcesBuildPhase;
			buildActionMask = 2147483647;
			files = (
			);
			runOnlyForDeploymentPostprocessing = 0;
		};
		62A2A7A226DFF488000D45E8 /* Resources */ = {
			isa = PBXResourcesBuildPhase;
			buildActionMask = 2147483647;
			files = (
			);
			runOnlyForDeploymentPostprocessing = 0;
		};
		62C8B9AA26E557EA00E447BF /* Resources */ = {
			isa = PBXResourcesBuildPhase;
			buildActionMask = 2147483647;
			files = (
			);
			runOnlyForDeploymentPostprocessing = 0;
		};
		62C8B9B226E557EA00E447BF /* Resources */ = {
			isa = PBXResourcesBuildPhase;
			buildActionMask = 2147483647;
			files = (
			);
			runOnlyForDeploymentPostprocessing = 0;
		};
/* End PBXResourcesBuildPhase section */

/* Begin PBXSourcesBuildPhase section */
		62A2A77F26DFB4BD000D45E8 /* Sources */ = {
			isa = PBXSourcesBuildPhase;
			buildActionMask = 2147483647;
			files = (
				62A2A7C626E04A01000D45E8 /* Model.swift in Sources */,
				62A2A79326DFEE29000D45E8 /* GetDetailsEvent.swift in Sources */,
				62A2A78E26DFEBA6000D45E8 /* EventModel.swift in Sources */,
				62A2A79126DFEC65000D45E8 /* PeopleModel.swift in Sources */,
				62A2A79626DFF07E000D45E8 /* CreateCheckIn.swift in Sources */,
				62A2A7BB26E00E88000D45E8 /* DomainError.swift in Sources */,
				62A2A78C26DFC591000D45E8 /* GetListEvents.swift in Sources */,
			);
			runOnlyForDeploymentPostprocessing = 0;
		};
		62A2A79826DFF488000D45E8 /* Sources */ = {
			isa = PBXSourcesBuildPhase;
			buildActionMask = 2147483647;
			files = (
				62933AB226E2990A0096EBCB /* HttpStatusResponse.swift in Sources */,
				62933AB626E2996B0096EBCB /* RemoteCreateCheckIn.swift in Sources */,
				62A2A7BD26E010EE000D45E8 /* HttpError.swift in Sources */,
				62A2A7C926E04F68000D45E8 /* ExtensionHelpers.swift in Sources */,
				62933AAC26E26B120096EBCB /* RemoteGetDetailsEvent.swift in Sources */,
				62A2A7C426E03F56000D45E8 /* RemoteGetListEvents.swift in Sources */,
				62A2A7C126E03E74000D45E8 /* HttpGetClient.swift in Sources */,
				62933AB426E299350096EBCB /* HttpPostClient.swift in Sources */,
			);
			runOnlyForDeploymentPostprocessing = 0;
		};
		62A2A7A026DFF488000D45E8 /* Sources */ = {
			isa = PBXSourcesBuildPhase;
			buildActionMask = 2147483647;
			files = (
				62933AAE26E28CA00096EBCB /* RemoteCreateCheckInTests.swift in Sources */,
				628537C726E1652B00C82896 /* FactoriesTest.swift in Sources */,
				628537C526E1629B00C82896 /* XCTestCase+MemoryLeak.swift in Sources */,
				62933AB026E297740096EBCB /* CreateCheckInFactory.swift in Sources */,
				628537BC26E15E1000C82896 /* RemoteGetDetailsEventTests.swift in Sources */,
				62933ADF26E402100096EBCB /* Array+Encoder.swift in Sources */,
				628537C026E161C700C82896 /* HttpGetClientSpy.swift in Sources */,
				62A2A7AA26DFF488000D45E8 /* RemoteGetListEventsTests.swift in Sources */,
				628537C326E1625000C82896 /* EventFactory.swift in Sources */,
			);
			runOnlyForDeploymentPostprocessing = 0;
		};
		62C8B9A826E557EA00E447BF /* Sources */ = {
			isa = PBXSourcesBuildPhase;
			buildActionMask = 2147483647;
			files = (
			);
			runOnlyForDeploymentPostprocessing = 0;
		};
		62C8B9B026E557EA00E447BF /* Sources */ = {
			isa = PBXSourcesBuildPhase;
			buildActionMask = 2147483647;
			files = (
				62C8B9BA26E557EA00E447BF /* AlamofireAdapterGet.swift in Sources */,
			);
			runOnlyForDeploymentPostprocessing = 0;
		};
/* End PBXSourcesBuildPhase section */

/* Begin PBXTargetDependency section */
		62A2A7A726DFF488000D45E8 /* PBXTargetDependency */ = {
			isa = PBXTargetDependency;
			target = 62A2A79B26DFF488000D45E8 /* Data */;
			targetProxy = 62A2A7A626DFF488000D45E8 /* PBXContainerItemProxy */;
		};
		62A2A7B726DFF4A6000D45E8 /* PBXTargetDependency */ = {
			isa = PBXTargetDependency;
			target = 62A2A78226DFB4BD000D45E8 /* Domain */;
			targetProxy = 62A2A7B626DFF4A6000D45E8 /* PBXContainerItemProxy */;
		};
		62C8B9B726E557EA00E447BF /* PBXTargetDependency */ = {
			isa = PBXTargetDependency;
			target = 62C8B9AB26E557EA00E447BF /* Infra_ */;
			targetProxy = 62C8B9B626E557EA00E447BF /* PBXContainerItemProxy */;
		};
/* End PBXTargetDependency section */

/* Begin XCBuildConfiguration section */
		62A2A77926DFB197000D45E8 /* Debug */ = {
			isa = XCBuildConfiguration;
			buildSettings = {
				ALWAYS_SEARCH_USER_PATHS = NO;
				CLANG_ANALYZER_NONNULL = YES;
				CLANG_ANALYZER_NUMBER_OBJECT_CONVERSION = YES_AGGRESSIVE;
				CLANG_CXX_LANGUAGE_STANDARD = "gnu++14";
				CLANG_CXX_LIBRARY = "libc++";
				CLANG_ENABLE_MODULES = YES;
				CLANG_ENABLE_OBJC_ARC = YES;
				CLANG_ENABLE_OBJC_WEAK = YES;
				CLANG_WARN_BLOCK_CAPTURE_AUTORELEASING = YES;
				CLANG_WARN_BOOL_CONVERSION = YES;
				CLANG_WARN_COMMA = YES;
				CLANG_WARN_CONSTANT_CONVERSION = YES;
				CLANG_WARN_DEPRECATED_OBJC_IMPLEMENTATIONS = YES;
				CLANG_WARN_DIRECT_OBJC_ISA_USAGE = YES_ERROR;
				CLANG_WARN_DOCUMENTATION_COMMENTS = YES;
				CLANG_WARN_EMPTY_BODY = YES;
				CLANG_WARN_ENUM_CONVERSION = YES;
				CLANG_WARN_INFINITE_RECURSION = YES;
				CLANG_WARN_INT_CONVERSION = YES;
				CLANG_WARN_NON_LITERAL_NULL_CONVERSION = YES;
				CLANG_WARN_OBJC_IMPLICIT_RETAIN_SELF = YES;
				CLANG_WARN_OBJC_LITERAL_CONVERSION = YES;
				CLANG_WARN_OBJC_ROOT_CLASS = YES_ERROR;
				CLANG_WARN_QUOTED_INCLUDE_IN_FRAMEWORK_HEADER = YES;
				CLANG_WARN_RANGE_LOOP_ANALYSIS = YES;
				CLANG_WARN_STRICT_PROTOTYPES = YES;
				CLANG_WARN_SUSPICIOUS_MOVE = YES;
				CLANG_WARN_UNGUARDED_AVAILABILITY = YES_AGGRESSIVE;
				CLANG_WARN_UNREACHABLE_CODE = YES;
				CLANG_WARN__DUPLICATE_METHOD_MATCH = YES;
				COPY_PHASE_STRIP = NO;
				CURRENT_PROJECT_VERSION = 1;
				DEBUG_INFORMATION_FORMAT = dwarf;
				ENABLE_STRICT_OBJC_MSGSEND = YES;
				ENABLE_TESTABILITY = YES;
				GCC_C_LANGUAGE_STANDARD = gnu11;
				GCC_DYNAMIC_NO_PIC = NO;
				GCC_NO_COMMON_BLOCKS = YES;
				GCC_OPTIMIZATION_LEVEL = 0;
				GCC_PREPROCESSOR_DEFINITIONS = (
					"DEBUG=1",
					"$(inherited)",
				);
				GCC_WARN_64_TO_32_BIT_CONVERSION = YES;
				GCC_WARN_ABOUT_RETURN_TYPE = YES_ERROR;
				GCC_WARN_UNDECLARED_SELECTOR = YES;
				GCC_WARN_UNINITIALIZED_AUTOS = YES_AGGRESSIVE;
				GCC_WARN_UNUSED_FUNCTION = YES;
				GCC_WARN_UNUSED_VARIABLE = YES;
				IPHONEOS_DEPLOYMENT_TARGET = 14.5;
				MTL_ENABLE_DEBUG_INFO = INCLUDE_SOURCE;
				MTL_FAST_MATH = YES;
				ONLY_ACTIVE_ARCH = YES;
				SDKROOT = iphoneos;
				SWIFT_ACTIVE_COMPILATION_CONDITIONS = DEBUG;
				SWIFT_OPTIMIZATION_LEVEL = "-Onone";
				VERSIONING_SYSTEM = "apple-generic";
				VERSION_INFO_PREFIX = "";
			};
			name = Debug;
		};
		62A2A77A26DFB197000D45E8 /* Release */ = {
			isa = XCBuildConfiguration;
			buildSettings = {
				ALWAYS_SEARCH_USER_PATHS = NO;
				CLANG_ANALYZER_NONNULL = YES;
				CLANG_ANALYZER_NUMBER_OBJECT_CONVERSION = YES_AGGRESSIVE;
				CLANG_CXX_LANGUAGE_STANDARD = "gnu++14";
				CLANG_CXX_LIBRARY = "libc++";
				CLANG_ENABLE_MODULES = YES;
				CLANG_ENABLE_OBJC_ARC = YES;
				CLANG_ENABLE_OBJC_WEAK = YES;
				CLANG_WARN_BLOCK_CAPTURE_AUTORELEASING = YES;
				CLANG_WARN_BOOL_CONVERSION = YES;
				CLANG_WARN_COMMA = YES;
				CLANG_WARN_CONSTANT_CONVERSION = YES;
				CLANG_WARN_DEPRECATED_OBJC_IMPLEMENTATIONS = YES;
				CLANG_WARN_DIRECT_OBJC_ISA_USAGE = YES_ERROR;
				CLANG_WARN_DOCUMENTATION_COMMENTS = YES;
				CLANG_WARN_EMPTY_BODY = YES;
				CLANG_WARN_ENUM_CONVERSION = YES;
				CLANG_WARN_INFINITE_RECURSION = YES;
				CLANG_WARN_INT_CONVERSION = YES;
				CLANG_WARN_NON_LITERAL_NULL_CONVERSION = YES;
				CLANG_WARN_OBJC_IMPLICIT_RETAIN_SELF = YES;
				CLANG_WARN_OBJC_LITERAL_CONVERSION = YES;
				CLANG_WARN_OBJC_ROOT_CLASS = YES_ERROR;
				CLANG_WARN_QUOTED_INCLUDE_IN_FRAMEWORK_HEADER = YES;
				CLANG_WARN_RANGE_LOOP_ANALYSIS = YES;
				CLANG_WARN_STRICT_PROTOTYPES = YES;
				CLANG_WARN_SUSPICIOUS_MOVE = YES;
				CLANG_WARN_UNGUARDED_AVAILABILITY = YES_AGGRESSIVE;
				CLANG_WARN_UNREACHABLE_CODE = YES;
				CLANG_WARN__DUPLICATE_METHOD_MATCH = YES;
				COPY_PHASE_STRIP = NO;
				CURRENT_PROJECT_VERSION = 1;
				DEBUG_INFORMATION_FORMAT = "dwarf-with-dsym";
				ENABLE_NS_ASSERTIONS = NO;
				ENABLE_STRICT_OBJC_MSGSEND = YES;
				GCC_C_LANGUAGE_STANDARD = gnu11;
				GCC_NO_COMMON_BLOCKS = YES;
				GCC_WARN_64_TO_32_BIT_CONVERSION = YES;
				GCC_WARN_ABOUT_RETURN_TYPE = YES_ERROR;
				GCC_WARN_UNDECLARED_SELECTOR = YES;
				GCC_WARN_UNINITIALIZED_AUTOS = YES_AGGRESSIVE;
				GCC_WARN_UNUSED_FUNCTION = YES;
				GCC_WARN_UNUSED_VARIABLE = YES;
				IPHONEOS_DEPLOYMENT_TARGET = 14.5;
				MTL_ENABLE_DEBUG_INFO = NO;
				MTL_FAST_MATH = YES;
				SDKROOT = iphoneos;
				SWIFT_COMPILATION_MODE = wholemodule;
				SWIFT_OPTIMIZATION_LEVEL = "-O";
				VALIDATE_PRODUCT = YES;
				VERSIONING_SYSTEM = "apple-generic";
				VERSION_INFO_PREFIX = "";
			};
			name = Release;
		};
		62A2A78826DFB4BD000D45E8 /* Debug */ = {
			isa = XCBuildConfiguration;
			buildSettings = {
				CLANG_ENABLE_MODULES = YES;
				CODE_SIGN_STYLE = Automatic;
				COMBINE_HIDPI_IMAGES = YES;
				DEFINES_MODULE = YES;
				DEVELOPMENT_TEAM = QGQ6W4JWGM;
				DYLIB_COMPATIBILITY_VERSION = 1;
				DYLIB_CURRENT_VERSION = 1;
				DYLIB_INSTALL_NAME_BASE = "@rpath";
				INFOPLIST_FILE = Domain/Info.plist;
				INSTALL_PATH = "$(LOCAL_LIBRARY_DIR)/Frameworks";
				LD_RUNPATH_SEARCH_PATHS = (
					"$(inherited)",
					"@executable_path/../Frameworks",
					"@loader_path/Frameworks",
				);
				MACOSX_DEPLOYMENT_TARGET = 11.3;
				PRODUCT_BUNDLE_IDENTIFIER = app.a1softwares.Domain;
				PRODUCT_NAME = "$(TARGET_NAME:c99extidentifier)";
				SDKROOT = macosx;
				SKIP_INSTALL = YES;
				SWIFT_OPTIMIZATION_LEVEL = "-Onone";
				SWIFT_VERSION = 5.0;
			};
			name = Debug;
		};
		62A2A78926DFB4BD000D45E8 /* Release */ = {
			isa = XCBuildConfiguration;
			buildSettings = {
				CLANG_ENABLE_MODULES = YES;
				CODE_SIGN_STYLE = Automatic;
				COMBINE_HIDPI_IMAGES = YES;
				DEFINES_MODULE = YES;
				DEVELOPMENT_TEAM = QGQ6W4JWGM;
				DYLIB_COMPATIBILITY_VERSION = 1;
				DYLIB_CURRENT_VERSION = 1;
				DYLIB_INSTALL_NAME_BASE = "@rpath";
				INFOPLIST_FILE = Domain/Info.plist;
				INSTALL_PATH = "$(LOCAL_LIBRARY_DIR)/Frameworks";
				LD_RUNPATH_SEARCH_PATHS = (
					"$(inherited)",
					"@executable_path/../Frameworks",
					"@loader_path/Frameworks",
				);
				MACOSX_DEPLOYMENT_TARGET = 11.3;
				PRODUCT_BUNDLE_IDENTIFIER = app.a1softwares.Domain;
				PRODUCT_NAME = "$(TARGET_NAME:c99extidentifier)";
				SDKROOT = macosx;
				SKIP_INSTALL = YES;
				SWIFT_VERSION = 5.0;
			};
			name = Release;
		};
		62A2A7AD26DFF488000D45E8 /* Debug */ = {
			isa = XCBuildConfiguration;
			buildSettings = {
				CLANG_ENABLE_MODULES = YES;
				CODE_SIGN_STYLE = Automatic;
				COMBINE_HIDPI_IMAGES = YES;
				DEFINES_MODULE = YES;
				DEVELOPMENT_TEAM = QGQ6W4JWGM;
				DYLIB_COMPATIBILITY_VERSION = 1;
				DYLIB_CURRENT_VERSION = 1;
				DYLIB_INSTALL_NAME_BASE = "@rpath";
				INFOPLIST_FILE = Data/Info.plist;
				INSTALL_PATH = "$(LOCAL_LIBRARY_DIR)/Frameworks";
				LD_RUNPATH_SEARCH_PATHS = (
					"$(inherited)",
					"@executable_path/../Frameworks",
					"@loader_path/Frameworks",
				);
				MACOSX_DEPLOYMENT_TARGET = 11.3;
				PRODUCT_BUNDLE_IDENTIFIER = app.a1softwares.Data;
				PRODUCT_NAME = "$(TARGET_NAME:c99extidentifier)";
				SDKROOT = macosx;
				SKIP_INSTALL = YES;
				SWIFT_OPTIMIZATION_LEVEL = "-Onone";
				SWIFT_VERSION = 5.0;
			};
			name = Debug;
		};
		62A2A7AE26DFF488000D45E8 /* Release */ = {
			isa = XCBuildConfiguration;
			buildSettings = {
				CLANG_ENABLE_MODULES = YES;
				CODE_SIGN_STYLE = Automatic;
				COMBINE_HIDPI_IMAGES = YES;
				DEFINES_MODULE = YES;
				DEVELOPMENT_TEAM = QGQ6W4JWGM;
				DYLIB_COMPATIBILITY_VERSION = 1;
				DYLIB_CURRENT_VERSION = 1;
				DYLIB_INSTALL_NAME_BASE = "@rpath";
				INFOPLIST_FILE = Data/Info.plist;
				INSTALL_PATH = "$(LOCAL_LIBRARY_DIR)/Frameworks";
				LD_RUNPATH_SEARCH_PATHS = (
					"$(inherited)",
					"@executable_path/../Frameworks",
					"@loader_path/Frameworks",
				);
				MACOSX_DEPLOYMENT_TARGET = 11.3;
				PRODUCT_BUNDLE_IDENTIFIER = app.a1softwares.Data;
				PRODUCT_NAME = "$(TARGET_NAME:c99extidentifier)";
				SDKROOT = macosx;
				SKIP_INSTALL = YES;
				SWIFT_VERSION = 5.0;
			};
			name = Release;
		};
		62A2A7AF26DFF488000D45E8 /* Debug */ = {
			isa = XCBuildConfiguration;
			buildSettings = {
				ALWAYS_EMBED_SWIFT_STANDARD_LIBRARIES = YES;
				CODE_SIGN_STYLE = Automatic;
				COMBINE_HIDPI_IMAGES = YES;
				DEVELOPMENT_TEAM = QGQ6W4JWGM;
				INFOPLIST_FILE = DataTests/Info.plist;
				LD_RUNPATH_SEARCH_PATHS = (
					"$(inherited)",
					"@executable_path/../Frameworks",
					"@loader_path/../Frameworks",
				);
				MACOSX_DEPLOYMENT_TARGET = 11.3;
				PRODUCT_BUNDLE_IDENTIFIER = app.a1softwares.DataTests;
				PRODUCT_NAME = "$(TARGET_NAME)";
				SDKROOT = macosx;
				SWIFT_VERSION = 5.0;
			};
			name = Debug;
		};
		62A2A7B026DFF488000D45E8 /* Release */ = {
			isa = XCBuildConfiguration;
			buildSettings = {
				ALWAYS_EMBED_SWIFT_STANDARD_LIBRARIES = YES;
				CODE_SIGN_STYLE = Automatic;
				COMBINE_HIDPI_IMAGES = YES;
				DEVELOPMENT_TEAM = QGQ6W4JWGM;
				INFOPLIST_FILE = DataTests/Info.plist;
				LD_RUNPATH_SEARCH_PATHS = (
					"$(inherited)",
					"@executable_path/../Frameworks",
					"@loader_path/../Frameworks",
				);
				MACOSX_DEPLOYMENT_TARGET = 11.3;
				PRODUCT_BUNDLE_IDENTIFIER = app.a1softwares.DataTests;
				PRODUCT_NAME = "$(TARGET_NAME)";
				SDKROOT = macosx;
				SWIFT_VERSION = 5.0;
			};
			name = Release;
		};
		62C8B9BE26E557EA00E447BF /* Debug */ = {
			isa = XCBuildConfiguration;
			buildSettings = {
				CODE_SIGN_STYLE = Automatic;
				COMBINE_HIDPI_IMAGES = YES;
				DEFINES_MODULE = YES;
				DEVELOPMENT_TEAM = QGQ6W4JWGM;
				DYLIB_COMPATIBILITY_VERSION = 1;
				DYLIB_CURRENT_VERSION = 1;
				DYLIB_INSTALL_NAME_BASE = "@rpath";
				INFOPLIST_FILE = Infra_/Info.plist;
				INSTALL_PATH = "$(LOCAL_LIBRARY_DIR)/Frameworks";
				LD_RUNPATH_SEARCH_PATHS = (
					"$(inherited)",
					"@executable_path/../Frameworks",
					"@loader_path/Frameworks",
				);
				MACOSX_DEPLOYMENT_TARGET = 11.3;
				PRODUCT_BUNDLE_IDENTIFIER = "app.a1softwares.Infra-";
				PRODUCT_NAME = "$(TARGET_NAME:c99extidentifier)";
				SDKROOT = macosx;
				SKIP_INSTALL = YES;
				SWIFT_VERSION = 5.0;
			};
			name = Debug;
		};
		62C8B9BF26E557EA00E447BF /* Release */ = {
			isa = XCBuildConfiguration;
			buildSettings = {
				CODE_SIGN_STYLE = Automatic;
				COMBINE_HIDPI_IMAGES = YES;
				DEFINES_MODULE = YES;
				DEVELOPMENT_TEAM = QGQ6W4JWGM;
				DYLIB_COMPATIBILITY_VERSION = 1;
				DYLIB_CURRENT_VERSION = 1;
				DYLIB_INSTALL_NAME_BASE = "@rpath";
				INFOPLIST_FILE = Infra_/Info.plist;
				INSTALL_PATH = "$(LOCAL_LIBRARY_DIR)/Frameworks";
				LD_RUNPATH_SEARCH_PATHS = (
					"$(inherited)",
					"@executable_path/../Frameworks",
					"@loader_path/Frameworks",
				);
				MACOSX_DEPLOYMENT_TARGET = 11.3;
				PRODUCT_BUNDLE_IDENTIFIER = "app.a1softwares.Infra-";
				PRODUCT_NAME = "$(TARGET_NAME:c99extidentifier)";
				SDKROOT = macosx;
				SKIP_INSTALL = YES;
				SWIFT_VERSION = 5.0;
			};
			name = Release;
		};
		62C8B9C126E557EA00E447BF /* Debug */ = {
			isa = XCBuildConfiguration;
			buildSettings = {
				CODE_SIGN_STYLE = Automatic;
				COMBINE_HIDPI_IMAGES = YES;
				DEVELOPMENT_TEAM = QGQ6W4JWGM;
				INFOPLIST_FILE = Infra_Tests/Info.plist;
				LD_RUNPATH_SEARCH_PATHS = (
					"$(inherited)",
					"@executable_path/../Frameworks",
					"@loader_path/../Frameworks",
				);
				MACOSX_DEPLOYMENT_TARGET = 11.3;
				PRODUCT_BUNDLE_IDENTIFIER = "app.a1softwares.Infra-Tests";
				PRODUCT_NAME = "$(TARGET_NAME)";
				SDKROOT = macosx;
				SWIFT_VERSION = 5.0;
			};
			name = Debug;
		};
		62C8B9C226E557EA00E447BF /* Release */ = {
			isa = XCBuildConfiguration;
			buildSettings = {
				CODE_SIGN_STYLE = Automatic;
				COMBINE_HIDPI_IMAGES = YES;
				DEVELOPMENT_TEAM = QGQ6W4JWGM;
				INFOPLIST_FILE = Infra_Tests/Info.plist;
				LD_RUNPATH_SEARCH_PATHS = (
					"$(inherited)",
					"@executable_path/../Frameworks",
					"@loader_path/../Frameworks",
				);
				MACOSX_DEPLOYMENT_TARGET = 11.3;
				PRODUCT_BUNDLE_IDENTIFIER = "app.a1softwares.Infra-Tests";
				PRODUCT_NAME = "$(TARGET_NAME)";
				SDKROOT = macosx;
				SWIFT_VERSION = 5.0;
			};
			name = Release;
		};
/* End XCBuildConfiguration section */

/* Begin XCConfigurationList section */
		62A2A76D26DFB197000D45E8 /* Build configuration list for PBXProject "SicrediChallenge" */ = {
			isa = XCConfigurationList;
			buildConfigurations = (
				62A2A77926DFB197000D45E8 /* Debug */,
				62A2A77A26DFB197000D45E8 /* Release */,
			);
			defaultConfigurationIsVisible = 0;
			defaultConfigurationName = Release;
		};
		62A2A78A26DFB4BD000D45E8 /* Build configuration list for PBXNativeTarget "Domain" */ = {
			isa = XCConfigurationList;
			buildConfigurations = (
				62A2A78826DFB4BD000D45E8 /* Debug */,
				62A2A78926DFB4BD000D45E8 /* Release */,
			);
			defaultConfigurationIsVisible = 0;
			defaultConfigurationName = Release;
		};
		62A2A7B126DFF488000D45E8 /* Build configuration list for PBXNativeTarget "Data" */ = {
			isa = XCConfigurationList;
			buildConfigurations = (
				62A2A7AD26DFF488000D45E8 /* Debug */,
				62A2A7AE26DFF488000D45E8 /* Release */,
			);
			defaultConfigurationIsVisible = 0;
			defaultConfigurationName = Release;
		};
		62A2A7B226DFF488000D45E8 /* Build configuration list for PBXNativeTarget "DataTests" */ = {
			isa = XCConfigurationList;
			buildConfigurations = (
				62A2A7AF26DFF488000D45E8 /* Debug */,
				62A2A7B026DFF488000D45E8 /* Release */,
			);
			defaultConfigurationIsVisible = 0;
			defaultConfigurationName = Release;
		};
		62C8B9BD26E557EA00E447BF /* Build configuration list for PBXNativeTarget "Infra_" */ = {
			isa = XCConfigurationList;
			buildConfigurations = (
				62C8B9BE26E557EA00E447BF /* Debug */,
				62C8B9BF26E557EA00E447BF /* Release */,
			);
			defaultConfigurationIsVisible = 0;
			defaultConfigurationName = Release;
		};
		62C8B9C026E557EA00E447BF /* Build configuration list for PBXNativeTarget "Infra_Tests" */ = {
			isa = XCConfigurationList;
			buildConfigurations = (
				62C8B9C126E557EA00E447BF /* Debug */,
				62C8B9C226E557EA00E447BF /* Release */,
			);
			defaultConfigurationIsVisible = 0;
			defaultConfigurationName = Release;
		};
/* End XCConfigurationList section */

/* Begin XCRemoteSwiftPackageReference section */
		62C8B9C326E5596100E447BF /* XCRemoteSwiftPackageReference "Alamofire" */ = {
			isa = XCRemoteSwiftPackageReference;
			repositoryURL = "https://github.com/Alamofire/Alamofire.git";
			requirement = {
				kind = upToNextMajorVersion;
				minimumVersion = 5.4.3;
			};
		};
/* End XCRemoteSwiftPackageReference section */

/* Begin XCSwiftPackageProductDependency section */
		62C8B9C426E5596100E447BF /* Alamofire */ = {
			isa = XCSwiftPackageProductDependency;
			package = 62C8B9C326E5596100E447BF /* XCRemoteSwiftPackageReference "Alamofire" */;
			productName = Alamofire;
		};
/* End XCSwiftPackageProductDependency section */
	};
	rootObject = 62A2A76A26DFB197000D45E8 /* Project object */;
}
